
Microsoft Visual Studio Solution File, Format Version 12.00
# Visual Studio 15
VisualStudioVersion = 15.0.28307.572
MinimumVisualStudioVersion = 10.0.40219.1
Project("{9A19103F-16F7-4668-BE54-9A1E7A4F7556}") = "IoTEdge.VirtualRtu", "IoTEdge.VirtualRtu\IoTEdge.VirtualRtu.csproj", "{A64DCF22-7950-42C4-9629-86E415C1C7A4}"
EndProject
Project("{9A19103F-16F7-4668-BE54-9A1E7A4F7556}") = "IoTEdge.VirtualRtu.Configuration", "IoTEdge.VirtualRtu.Configuration\IoTEdge.VirtualRtu.Configuration.csproj", "{6048DC17-889F-4CE3-B5CC-D5A037D2D41B}"
EndProject
Project("{9A19103F-16F7-4668-BE54-9A1E7A4F7556}") = "SkunkLab.Storage", "..\..\SkunkLab.Core\src\SkunkLab.Storage\SkunkLab.Storage.csproj", "{FACA83FF-B8B2-4E17-8C41-C98A4A830B00}"
EndProject
Project("{9A19103F-16F7-4668-BE54-9A1E7A4F7556}") = "SkunkLab.Security", "..\..\SkunkLab.Core\src\SkunkLab.Security\SkunkLab.Security.csproj", "{A2EB3E21-4435-4A9C-80F8-2B1773CB2BF7}"
EndProject
Project("{9A19103F-16F7-4668-BE54-9A1E7A4F7556}") = "SkunkLab.Protocols", "..\..\SkunkLab.Core\src\SkunkLab.Protocols\SkunkLab.Protocols.csproj", "{95FE7766-F9D7-492A-900A-2017EF0CCF9A}"
EndProject
Project("{9A19103F-16F7-4668-BE54-9A1E7A4F7556}") = "SkunkLab.Channels", "..\..\SkunkLab.Core\src\SkunkLab.Channels\SkunkLab.Channels.csproj", "{E1F96CBC-1AB4-4911-8BD6-005BC6AAA181}"
EndProject
Project("{9A19103F-16F7-4668-BE54-9A1E7A4F7556}") = "SkunkLab.Clients", "..\..\SkunkLab.Core\src\SkunkLab.Clients\SkunkLab.Clients.csproj", "{EB3E7DB8-67BE-40DF-A9C0-1AEECEB9C4D4}"
EndProject
Project("{9A19103F-16F7-4668-BE54-9A1E7A4F7556}") = "IoTEdge.VRtu.FieldGateway", "IoTEdge.VRtu.FieldGateway\IoTEdge.VRtu.FieldGateway.csproj", "{11077391-D37F-4373-9CA2-03D93130CA07}"
EndProject
Project("{9A19103F-16F7-4668-BE54-9A1E7A4F7556}") = "IoTEdge.FieldGateway.Function", "IoTEdge.FieldGateway.Function\IoTEdge.FieldGateway.Function.csproj", "{D0034CD9-6C9B-4951-A74A-18D7DC37B8A4}"
EndProject
Project("{9A19103F-16F7-4668-BE54-9A1E7A4F7556}") = "IoTEdge.VirtualRtu.WebApp", "IoTEdge.VirtualRtu.WebApp\IoTEdge.VirtualRtu.WebApp.csproj", "{067CCB96-67F5-45D3-AD91-8E9733E95202}"
EndProject
Global
	GlobalSection(SolutionConfigurationPlatforms) = preSolution
		Debug|Any CPU = Debug|Any CPU
		Release|Any CPU = Release|Any CPU
	EndGlobalSection
	GlobalSection(ProjectConfigurationPlatforms) = postSolution
		{A64DCF22-7950-42C4-9629-86E415C1C7A4}.Debug|Any CPU.ActiveCfg = Debug|Any CPU
		{A64DCF22-7950-42C4-9629-86E415C1C7A4}.Debug|Any CPU.Build.0 = Debug|Any CPU
		{A64DCF22-7950-42C4-9629-86E415C1C7A4}.Release|Any CPU.ActiveCfg = Release|Any CPU
		{A64DCF22-7950-42C4-9629-86E415C1C7A4}.Release|Any CPU.Build.0 = Release|Any CPU
		{6048DC17-889F-4CE3-B5CC-D5A037D2D41B}.Debug|Any CPU.ActiveCfg = Debug|Any CPU
		{6048DC17-889F-4CE3-B5CC-D5A037D2D41B}.Debug|Any CPU.Build.0 = Debug|Any CPU
		{6048DC17-889F-4CE3-B5CC-D5A037D2D41B}.Release|Any CPU.ActiveCfg = Release|Any CPU
		{6048DC17-889F-4CE3-B5CC-D5A037D2D41B}.Release|Any CPU.Build.0 = Release|Any CPU
		{FACA83FF-B8B2-4E17-8C41-C98A4A830B00}.Debug|Any CPU.ActiveCfg = Debug|Any CPU
		{FACA83FF-B8B2-4E17-8C41-C98A4A830B00}.Debug|Any CPU.Build.0 = Debug|Any CPU
		{FACA83FF-B8B2-4E17-8C41-C98A4A830B00}.Release|Any CPU.ActiveCfg = Release|Any CPU
		{FACA83FF-B8B2-4E17-8C41-C98A4A830B00}.Release|Any CPU.Build.0 = Release|Any CPU
		{A2EB3E21-4435-4A9C-80F8-2B1773CB2BF7}.Debug|Any CPU.ActiveCfg = Debug|Any CPU
		{A2EB3E21-4435-4A9C-80F8-2B1773CB2BF7}.Debug|Any CPU.Build.0 = Debug|Any CPU
		{A2EB3E21-4435-4A9C-80F8-2B1773CB2BF7}.Release|Any CPU.ActiveCfg = Release|Any CPU
		{A2EB3E21-4435-4A9C-80F8-2B1773CB2BF7}.Release|Any CPU.Build.0 = Release|Any CPU
		{95FE7766-F9D7-492A-900A-2017EF0CCF9A}.Debug|Any CPU.ActiveCfg = Debug|Any CPU
		{95FE7766-F9D7-492A-900A-2017EF0CCF9A}.Debug|Any CPU.Build.0 = Debug|Any CPU
		{95FE7766-F9D7-492A-900A-2017EF0CCF9A}.Release|Any CPU.ActiveCfg = Release|Any CPU
		{95FE7766-F9D7-492A-900A-2017EF0CCF9A}.Release|Any CPU.Build.0 = Release|Any CPU
		{E1F96CBC-1AB4-4911-8BD6-005BC6AAA181}.Debug|Any CPU.ActiveCfg = Debug|Any CPU
		{E1F96CBC-1AB4-4911-8BD6-005BC6AAA181}.Debug|Any CPU.Build.0 = Debug|Any CPU
		{E1F96CBC-1AB4-4911-8BD6-005BC6AAA181}.Release|Any CPU.ActiveCfg = Release|Any CPU
		{E1F96CBC-1AB4-4911-8BD6-005BC6AAA181}.Release|Any CPU.Build.0 = Release|Any CPU
		{EB3E7DB8-67BE-40DF-A9C0-1AEECEB9C4D4}.Debug|Any CPU.ActiveCfg = Debug|Any CPU
		{EB3E7DB8-67BE-40DF-A9C0-1AEECEB9C4D4}.Debug|Any CPU.Build.0 = Debug|Any CPU
		{EB3E7DB8-67BE-40DF-A9C0-1AEECEB9C4D4}.Release|Any CPU.ActiveCfg = Release|Any CPU
		{EB3E7DB8-67BE-40DF-A9C0-1AEECEB9C4D4}.Release|Any CPU.Build.0 = Release|Any CPU
		{11077391-D37F-4373-9CA2-03D93130CA07}.Debug|Any CPU.ActiveCfg = Debug|Any CPU
		{11077391-D37F-4373-9CA2-03D93130CA07}.Debug|Any CPU.Build.0 = Debug|Any CPU
		{11077391-D37F-4373-9CA2-03D93130CA07}.Release|Any CPU.ActiveCfg = Release|Any CPU
		{11077391-D37F-4373-9CA2-03D93130CA07}.Release|Any CPU.Build.0 = Release|Any CPU
		{D0034CD9-6C9B-4951-A74A-18D7DC37B8A4}.Debug|Any CPU.ActiveCfg = Debug|Any CPU
		{D0034CD9-6C9B-4951-A74A-18D7DC37B8A4}.Debug|Any CPU.Build.0 = Debug|Any CPU
		{D0034CD9-6C9B-4951-A74A-18D7DC37B8A4}.Release|Any CPU.ActiveCfg = Release|Any CPU
		{D0034CD9-6C9B-4951-A74A-18D7DC37B8A4}.Release|Any CPU.Build.0 = Release|Any CPU
		{067CCB96-67F5-45D3-AD91-8E9733E95202}.Debug|Any CPU.ActiveCfg = Debug|Any CPU
		{067CCB96-67F5-45D3-AD91-8E9733E95202}.Debug|Any CPU.Build.0 = Debug|Any CPU
		{067CCB96-67F5-45D3-AD91-8E9733E95202}.Release|Any CPU.ActiveCfg = Release|Any CPU
		{067CCB96-67F5-45D3-AD91-8E9733E95202}.Release|Any CPU.Build.0 = Release|Any CPU
	EndGlobalSection
	GlobalSection(SolutionProperties) = preSolution
		HideSolutionNode = FALSE
	EndGlobalSection
	GlobalSection(ExtensibilityGlobals) = postSolution
		SolutionGuid = {C9C7097A-E1E3-40C1-AE71-CBF6F5386188}
	EndGlobalSection
EndGlobal
